
Microsoft Visual Studio Solution File, Format Version 12.00
# Visual Studio 15
VisualStudioVersion = 15.0.26124.0
MinimumVisualStudioVersion = 15.0.26124.0
Project("{2150E333-8FDC-42A3-9474-1A3956D46DE8}") = "Code", "Code", "{3D44FDD0-A44E-463D-8212-1498CA3D86C5}"
EndProject
Project("{FAE04EC0-301F-11D3-BF4B-00C04F79EFBC}") = "dotnetdemo.Api", "Code\dotnetdemo.Api\dotnetdemo.Api.csproj", "{B7AD4847-914F-4CC7-A501-0598A4AC4F16}"
EndProject
Project("{FAE04EC0-301F-11D3-BF4B-00C04F79EFBC}") = "dotnetdemo.Business", "Code\dotnetdemo.Business\dotnetdemo.Business.csproj", "{81A65B5A-F530-4C68-9E42-4670944467EE}"
EndProject
Project("{FAE04EC0-301F-11D3-BF4B-00C04F79EFBC}") = "dotnetdemo.Data", "Code\dotnetdemo.Data\dotnetdemo.Data.csproj", "{71E2487E-E49B-4A4B-85AD-77AD2D2B260F}"
EndProject
Project("{FAE04EC0-301F-11D3-BF4B-00C04F79EFBC}") = "dotnetdemo.Entities", "Code\dotnetdemo.Entities\dotnetdemo.Entities.csproj", "{9BA2FC76-F39A-4A68-A734-D2A32CD0ABD3}"
EndProject
Project("{FAE04EC0-301F-11D3-BF4B-00C04F79EFBC}") = "dotnetdemo.Test.Api", "Code\dotnetdemo.Test.Api\dotnetdemo.Test.Api.csproj", "{B5676834-3DAA-4C7E-8C04-5EF3923E9B6A}"
EndProject
Project("{FAE04EC0-301F-11D3-BF4B-00C04F79EFBC}") = "dotnetdemo.Test.Business", "Code\dotnetdemo.Test.Business\dotnetdemo.Test.Business.csproj", "{CC8B4587-F815-40B8-8329-FE299A9FCD99}"
EndProject
Project("{FAE04EC0-301F-11D3-BF4B-00C04F79EFBC}") = "dotnetdemo.Test.Framework", "Code\dotnetdemo.Test.Framework\dotnetdemo.Test.Framework.csproj", "{0F190816-69D8-4169-914A-D4813EB36BB8}"
EndProject
Project("{2150E333-8FDC-42A3-9474-1A3956D46DE8}") = "Test", "Test", "{8D3345DE-0CE4-47DA-A2D2-9802AC5FC69D}"
EndProject
Global
	GlobalSection(SolutionConfigurationPlatforms) = preSolution
		Debug|Any CPU = Debug|Any CPU
		Debug|x64 = Debug|x64
		Debug|x86 = Debug|x86
		Release|Any CPU = Release|Any CPU
		Release|x64 = Release|x64
		Release|x86 = Release|x86
	EndGlobalSection
	GlobalSection(SolutionProperties) = preSolution
		HideSolutionNode = FALSE
	EndGlobalSection
	GlobalSection(ProjectConfigurationPlatforms) = postSolution
		{B7AD4847-914F-4CC7-A501-0598A4AC4F16}.Debug|Any CPU.ActiveCfg = Debug|Any CPU
		{B7AD4847-914F-4CC7-A501-0598A4AC4F16}.Debug|Any CPU.Build.0 = Debug|Any CPU
		{B7AD4847-914F-4CC7-A501-0598A4AC4F16}.Debug|x64.ActiveCfg = Debug|Any CPU
		{B7AD4847-914F-4CC7-A501-0598A4AC4F16}.Debug|x64.Build.0 = Debug|Any CPU
		{B7AD4847-914F-4CC7-A501-0598A4AC4F16}.Debug|x86.ActiveCfg = Debug|Any CPU
		{B7AD4847-914F-4CC7-A501-0598A4AC4F16}.Debug|x86.Build.0 = Debug|Any CPU
		{B7AD4847-914F-4CC7-A501-0598A4AC4F16}.Release|Any CPU.ActiveCfg = Release|Any CPU
		{B7AD4847-914F-4CC7-A501-0598A4AC4F16}.Release|Any CPU.Build.0 = Release|Any CPU
		{B7AD4847-914F-4CC7-A501-0598A4AC4F16}.Release|x64.ActiveCfg = Release|Any CPU
		{B7AD4847-914F-4CC7-A501-0598A4AC4F16}.Release|x64.Build.0 = Release|Any CPU
		{B7AD4847-914F-4CC7-A501-0598A4AC4F16}.Release|x86.ActiveCfg = Release|Any CPU
		{B7AD4847-914F-4CC7-A501-0598A4AC4F16}.Release|x86.Build.0 = Release|Any CPU
		{81A65B5A-F530-4C68-9E42-4670944467EE}.Debug|Any CPU.ActiveCfg = Debug|Any CPU
		{81A65B5A-F530-4C68-9E42-4670944467EE}.Debug|Any CPU.Build.0 = Debug|Any CPU
		{81A65B5A-F530-4C68-9E42-4670944467EE}.Debug|x64.ActiveCfg = Debug|Any CPU
		{81A65B5A-F530-4C68-9E42-4670944467EE}.Debug|x64.Build.0 = Debug|Any CPU
		{81A65B5A-F530-4C68-9E42-4670944467EE}.Debug|x86.ActiveCfg = Debug|Any CPU
		{81A65B5A-F530-4C68-9E42-4670944467EE}.Debug|x86.Build.0 = Debug|Any CPU
		{81A65B5A-F530-4C68-9E42-4670944467EE}.Release|Any CPU.ActiveCfg = Release|Any CPU
		{81A65B5A-F530-4C68-9E42-4670944467EE}.Release|Any CPU.Build.0 = Release|Any CPU
		{81A65B5A-F530-4C68-9E42-4670944467EE}.Release|x64.ActiveCfg = Release|Any CPU
		{81A65B5A-F530-4C68-9E42-4670944467EE}.Release|x64.Build.0 = Release|Any CPU
		{81A65B5A-F530-4C68-9E42-4670944467EE}.Release|x86.ActiveCfg = Release|Any CPU
		{81A65B5A-F530-4C68-9E42-4670944467EE}.Release|x86.Build.0 = Release|Any CPU
		{71E2487E-E49B-4A4B-85AD-77AD2D2B260F}.Debug|Any CPU.ActiveCfg = Debug|Any CPU
		{71E2487E-E49B-4A4B-85AD-77AD2D2B260F}.Debug|Any CPU.Build.0 = Debug|Any CPU
		{71E2487E-E49B-4A4B-85AD-77AD2D2B260F}.Debug|x64.ActiveCfg = Debug|Any CPU
		{71E2487E-E49B-4A4B-85AD-77AD2D2B260F}.Debug|x64.Build.0 = Debug|Any CPU
		{71E2487E-E49B-4A4B-85AD-77AD2D2B260F}.Debug|x86.ActiveCfg = Debug|Any CPU
		{71E2487E-E49B-4A4B-85AD-77AD2D2B260F}.Debug|x86.Build.0 = Debug|Any CPU
		{71E2487E-E49B-4A4B-85AD-77AD2D2B260F}.Release|Any CPU.ActiveCfg = Release|Any CPU
		{71E2487E-E49B-4A4B-85AD-77AD2D2B260F}.Release|Any CPU.Build.0 = Release|Any CPU
		{71E2487E-E49B-4A4B-85AD-77AD2D2B260F}.Release|x64.ActiveCfg = Release|Any CPU
		{71E2487E-E49B-4A4B-85AD-77AD2D2B260F}.Release|x64.Build.0 = Release|Any CPU
		{71E2487E-E49B-4A4B-85AD-77AD2D2B260F}.Release|x86.ActiveCfg = Release|Any CPU
		{71E2487E-E49B-4A4B-85AD-77AD2D2B260F}.Release|x86.Build.0 = Release|Any CPU
		{9BA2FC76-F39A-4A68-A734-D2A32CD0ABD3}.Debug|Any CPU.ActiveCfg = Debug|Any CPU
		{9BA2FC76-F39A-4A68-A734-D2A32CD0ABD3}.Debug|Any CPU.Build.0 = Debug|Any CPU
		{9BA2FC76-F39A-4A68-A734-D2A32CD0ABD3}.Debug|x64.ActiveCfg = Debug|Any CPU
		{9BA2FC76-F39A-4A68-A734-D2A32CD0ABD3}.Debug|x64.Build.0 = Debug|Any CPU
		{9BA2FC76-F39A-4A68-A734-D2A32CD0ABD3}.Debug|x86.ActiveCfg = Debug|Any CPU
		{9BA2FC76-F39A-4A68-A734-D2A32CD0ABD3}.Debug|x86.Build.0 = Debug|Any CPU
		{9BA2FC76-F39A-4A68-A734-D2A32CD0ABD3}.Release|Any CPU.ActiveCfg = Release|Any CPU
		{9BA2FC76-F39A-4A68-A734-D2A32CD0ABD3}.Release|Any CPU.Build.0 = Release|Any CPU
		{9BA2FC76-F39A-4A68-A734-D2A32CD0ABD3}.Release|x64.ActiveCfg = Release|Any CPU
		{9BA2FC76-F39A-4A68-A734-D2A32CD0ABD3}.Release|x64.Build.0 = Release|Any CPU
		{9BA2FC76-F39A-4A68-A734-D2A32CD0ABD3}.Release|x86.ActiveCfg = Release|Any CPU
		{9BA2FC76-F39A-4A68-A734-D2A32CD0ABD3}.Release|x86.Build.0 = Release|Any CPU
		{B5676834-3DAA-4C7E-8C04-5EF3923E9B6A}.Debug|Any CPU.ActiveCfg = Debug|Any CPU
		{B5676834-3DAA-4C7E-8C04-5EF3923E9B6A}.Debug|Any CPU.Build.0 = Debug|Any CPU
		{B5676834-3DAA-4C7E-8C04-5EF3923E9B6A}.Debug|x64.ActiveCfg = Debug|Any CPU
		{B5676834-3DAA-4C7E-8C04-5EF3923E9B6A}.Debug|x64.Build.0 = Debug|Any CPU
		{B5676834-3DAA-4C7E-8C04-5EF3923E9B6A}.Debug|x86.ActiveCfg = Debug|Any CPU
		{B5676834-3DAA-4C7E-8C04-5EF3923E9B6A}.Debug|x86.Build.0 = Debug|Any CPU
		{B5676834-3DAA-4C7E-8C04-5EF3923E9B6A}.Release|Any CPU.ActiveCfg = Release|Any CPU
		{B5676834-3DAA-4C7E-8C04-5EF3923E9B6A}.Release|Any CPU.Build.0 = Release|Any CPU
		{B5676834-3DAA-4C7E-8C04-5EF3923E9B6A}.Release|x64.ActiveCfg = Release|Any CPU
		{B5676834-3DAA-4C7E-8C04-5EF3923E9B6A}.Release|x64.Build.0 = Release|Any CPU
		{B5676834-3DAA-4C7E-8C04-5EF3923E9B6A}.Release|x86.ActiveCfg = Release|Any CPU
		{B5676834-3DAA-4C7E-8C04-5EF3923E9B6A}.Release|x86.Build.0 = Release|Any CPU
		{CC8B4587-F815-40B8-8329-FE299A9FCD99}.Debug|Any CPU.ActiveCfg = Debug|Any CPU
		{CC8B4587-F815-40B8-8329-FE299A9FCD99}.Debug|Any CPU.Build.0 = Debug|Any CPU
		{CC8B4587-F815-40B8-8329-FE299A9FCD99}.Debug|x64.ActiveCfg = Debug|Any CPU
		{CC8B4587-F815-40B8-8329-FE299A9FCD99}.Debug|x64.Build.0 = Debug|Any CPU
		{CC8B4587-F815-40B8-8329-FE299A9FCD99}.Debug|x86.ActiveCfg = Debug|Any CPU
		{CC8B4587-F815-40B8-8329-FE299A9FCD99}.Debug|x86.Build.0 = Debug|Any CPU
		{CC8B4587-F815-40B8-8329-FE299A9FCD99}.Release|Any CPU.ActiveCfg = Release|Any CPU
		{CC8B4587-F815-40B8-8329-FE299A9FCD99}.Release|Any CPU.Build.0 = Release|Any CPU
		{CC8B4587-F815-40B8-8329-FE299A9FCD99}.Release|x64.ActiveCfg = Release|Any CPU
		{CC8B4587-F815-40B8-8329-FE299A9FCD99}.Release|x64.Build.0 = Release|Any CPU
		{CC8B4587-F815-40B8-8329-FE299A9FCD99}.Release|x86.ActiveCfg = Release|Any CPU
		{CC8B4587-F815-40B8-8329-FE299A9FCD99}.Release|x86.Build.0 = Release|Any CPU
		{0F190816-69D8-4169-914A-D4813EB36BB8}.Debug|Any CPU.ActiveCfg = Debug|Any CPU
		{0F190816-69D8-4169-914A-D4813EB36BB8}.Debug|Any CPU.Build.0 = Debug|Any CPU
		{0F190816-69D8-4169-914A-D4813EB36BB8}.Debug|x64.ActiveCfg = Debug|Any CPU
		{0F190816-69D8-4169-914A-D4813EB36BB8}.Debug|x64.Build.0 = Debug|Any CPU
		{0F190816-69D8-4169-914A-D4813EB36BB8}.Debug|x86.ActiveCfg = Debug|Any CPU
		{0F190816-69D8-4169-914A-D4813EB36BB8}.Debug|x86.Build.0 = Debug|Any CPU
		{0F190816-69D8-4169-914A-D4813EB36BB8}.Release|Any CPU.ActiveCfg = Release|Any CPU
		{0F190816-69D8-4169-914A-D4813EB36BB8}.Release|Any CPU.Build.0 = Release|Any CPU
		{0F190816-69D8-4169-914A-D4813EB36BB8}.Release|x64.ActiveCfg = Release|Any CPU
		{0F190816-69D8-4169-914A-D4813EB36BB8}.Release|x64.Build.0 = Release|Any CPU
		{0F190816-69D8-4169-914A-D4813EB36BB8}.Release|x86.ActiveCfg = Release|Any CPU
		{0F190816-69D8-4169-914A-D4813EB36BB8}.Release|x86.Build.0 = Release|Any CPU
	EndGlobalSection
	GlobalSection(NestedProjects) = preSolution
		{B7AD4847-914F-4CC7-A501-0598A4AC4F16} = {3D44FDD0-A44E-463D-8212-1498CA3D86C5}
		{81A65B5A-F530-4C68-9E42-4670944467EE} = {3D44FDD0-A44E-463D-8212-1498CA3D86C5}
		{71E2487E-E49B-4A4B-85AD-77AD2D2B260F} = {3D44FDD0-A44E-463D-8212-1498CA3D86C5}
		{9BA2FC76-F39A-4A68-A734-D2A32CD0ABD3} = {3D44FDD0-A44E-463D-8212-1498CA3D86C5}
		{B5676834-3DAA-4C7E-8C04-5EF3923E9B6A} = {8D3345DE-0CE4-47DA-A2D2-9802AC5FC69D}
		{CC8B4587-F815-40B8-8329-FE299A9FCD99} = {8D3345DE-0CE4-47DA-A2D2-9802AC5FC69D}
		{0F190816-69D8-4169-914A-D4813EB36BB8} = {8D3345DE-0CE4-47DA-A2D2-9802AC5FC69D}
	EndGlobalSection
EndGlobal
